
Microsoft Visual Studio Solution File, Format Version 12.00
# Visual Studio Version 17
VisualStudioVersion = 17.4.33213.308
MinimumVisualStudioVersion = 10.0.40219.1
Project("{9A19103F-16F7-4668-BE54-9A1E7A4F7556}") = "WordsCountingApp", "WordsCountingApp\WordsCountingApp.csproj", "{8211BE2C-99ED-4BDD-84AA-5861F96BFF3B}"
EndProject
Project("{9A19103F-16F7-4668-BE54-9A1E7A4F7556}") = "WordsExtraction", "WordsExtraction\WordsExtraction.csproj", "{3EEC6FD8-D862-4B15-A016-CEF1E3DA6F2D}"
EndProject
Project("{9A19103F-16F7-4668-BE54-9A1E7A4F7556}") = "WordsExtractionTests", "WordsExtractionTests\WordsExtractionTests.csproj", "{E04F8EE3-FD9E-47F9-92F1-E4E2A3A48936}"
EndProject
Project("{9A19103F-16F7-4668-BE54-9A1E7A4F7556}") = "Shell", "Shell\Shell.csproj", "{B1B55236-4BC1-41BA-9AB8-5BC096713E8C}"
EndProject
Project("{9A19103F-16F7-4668-BE54-9A1E7A4F7556}") = "Async.Mvvm", "Async.Mvvm\Async.Mvvm.csproj", "{DFE0310A-5194-4FBB-8BE4-8851D3F51322}"
EndProject
Global
	GlobalSection(SolutionConfigurationPlatforms) = preSolution
		Debug|Any CPU = Debug|Any CPU
		Release|Any CPU = Release|Any CPU
	EndGlobalSection
	GlobalSection(ProjectConfigurationPlatforms) = postSolution
		{8211BE2C-99ED-4BDD-84AA-5861F96BFF3B}.Debug|Any CPU.ActiveCfg = Debug|Any CPU
		{8211BE2C-99ED-4BDD-84AA-5861F96BFF3B}.Debug|Any CPU.Build.0 = Debug|Any CPU
		{8211BE2C-99ED-4BDD-84AA-5861F96BFF3B}.Release|Any CPU.ActiveCfg = Release|Any CPU
		{8211BE2C-99ED-4BDD-84AA-5861F96BFF3B}.Release|Any CPU.Build.0 = Release|Any CPU
		{3EEC6FD8-D862-4B15-A016-CEF1E3DA6F2D}.Debug|Any CPU.ActiveCfg = Debug|Any CPU
		{3EEC6FD8-D862-4B15-A016-CEF1E3DA6F2D}.Debug|Any CPU.Build.0 = Debug|Any CPU
		{3EEC6FD8-D862-4B15-A016-CEF1E3DA6F2D}.Release|Any CPU.ActiveCfg = Release|Any CPU
		{3EEC6FD8-D862-4B15-A016-CEF1E3DA6F2D}.Release|Any CPU.Build.0 = Release|Any CPU
		{E04F8EE3-FD9E-47F9-92F1-E4E2A3A48936}.Debug|Any CPU.ActiveCfg = Debug|Any CPU
		{E04F8EE3-FD9E-47F9-92F1-E4E2A3A48936}.Debug|Any CPU.Build.0 = Debug|Any CPU
		{E04F8EE3-FD9E-47F9-92F1-E4E2A3A48936}.Release|Any CPU.ActiveCfg = Release|Any CPU
		{E04F8EE3-FD9E-47F9-92F1-E4E2A3A48936}.Release|Any CPU.Build.0 = Release|Any CPU
		{B1B55236-4BC1-41BA-9AB8-5BC096713E8C}.Debug|Any CPU.ActiveCfg = Debug|Any CPU
		{B1B55236-4BC1-41BA-9AB8-5BC096713E8C}.Debug|Any CPU.Build.0 = Debug|Any CPU
		{B1B55236-4BC1-41BA-9AB8-5BC096713E8C}.Release|Any CPU.ActiveCfg = Release|Any CPU
		{B1B55236-4BC1-41BA-9AB8-5BC096713E8C}.Release|Any CPU.Build.0 = Release|Any CPU
		{DFE0310A-5194-4FBB-8BE4-8851D3F51322}.Debug|Any CPU.ActiveCfg = Debug|Any CPU
		{DFE0310A-5194-4FBB-8BE4-8851D3F51322}.Debug|Any CPU.Build.0 = Debug|Any CPU
		{DFE0310A-5194-4FBB-8BE4-8851D3F51322}.Release|Any CPU.ActiveCfg = Release|Any CPU
		{DFE0310A-5194-4FBB-8BE4-8851D3F51322}.Release|Any CPU.Build.0 = Release|Any CPU
	EndGlobalSection
	GlobalSection(SolutionProperties) = preSolution
		HideSolutionNode = FALSE
	EndGlobalSection
	GlobalSection(ExtensibilityGlobals) = postSolution
		SolutionGuid = {2DD051D7-B040-421C-A8CE-5DFBDF30B8B0}
	EndGlobalSection
EndGlobal
